// !$*UTF8*$!
{
	archiveVersion = 1;
	classes = {
	};
	objectVersion = 55;
	objects = {

/* Begin PBXBuildFile section */
		8472D6E5280AF60B0025D190 /* AppDelegate.swift in Sources */ = {isa = PBXBuildFile; fileRef = 8472D6E4280AF60B0025D190 /* AppDelegate.swift */; };
		8472D6E9280AF60B0025D190 /* PostListViewController.swift in Sources */ = {isa = PBXBuildFile; fileRef = 8472D6E8280AF60B0025D190 /* PostListViewController.swift */; };
		8472D6EE280AF60D0025D190 /* Assets.xcassets in Resources */ = {isa = PBXBuildFile; fileRef = 8472D6ED280AF60D0025D190 /* Assets.xcassets */; };
		8472D6F1280AF60D0025D190 /* LaunchScreen.storyboard in Resources */ = {isa = PBXBuildFile; fileRef = 8472D6EF280AF60D0025D190 /* LaunchScreen.storyboard */; };
		8472D6FC280AF6FA0025D190 /* Model.swift in Sources */ = {isa = PBXBuildFile; fileRef = 8472D6FB280AF6FA0025D190 /* Model.swift */; };
		8472D6FE280AF7290025D190 /* Presenter.swift in Sources */ = {isa = PBXBuildFile; fileRef = 8472D6FD280AF7290025D190 /* Presenter.swift */; };
		8472D700280AF7980025D190 /* NetService.swift in Sources */ = {isa = PBXBuildFile; fileRef = 8472D6FF280AF7980025D190 /* NetService.swift */; };
		8472D705280C0F0E0025D190 /* PostListViewCell.swift in Sources */ = {isa = PBXBuildFile; fileRef = 8472D704280C0F0E0025D190 /* PostListViewCell.swift */; };
		8474A22B280EF04A00DC54C6 /* PostListDelegate.swift in Sources */ = {isa = PBXBuildFile; fileRef = 8474A22A280EF04A00DC54C6 /* PostListDelegate.swift */; };
		8474A22C280F20CA00DC54C6 /* PostList.storyboard in Resources */ = {isa = PBXBuildFile; fileRef = 8474A22E280F20CA00DC54C6 /* PostList.storyboard */; };
/* End PBXBuildFile section */

/* Begin PBXFileReference section */
		8472D6E1280AF60B0025D190 /* ApiNewsTest1604.app */ = {isa = PBXFileReference; explicitFileType = wrapper.application; includeInIndex = 0; path = ApiNewsTest1604.app; sourceTree = BUILT_PRODUCTS_DIR; };
		8472D6E4280AF60B0025D190 /* AppDelegate.swift */ = {isa = PBXFileReference; lastKnownFileType = sourcecode.swift; path = AppDelegate.swift; sourceTree = "<group>"; };
		8472D6E8280AF60B0025D190 /* PostListViewController.swift */ = {isa = PBXFileReference; lastKnownFileType = sourcecode.swift; path = PostListViewController.swift; sourceTree = "<group>"; };
		8472D6ED280AF60D0025D190 /* Assets.xcassets */ = {isa = PBXFileReference; lastKnownFileType = folder.assetcatalog; path = Assets.xcassets; sourceTree = "<group>"; };
		8472D6F0280AF60D0025D190 /* Base */ = {isa = PBXFileReference; lastKnownFileType = file.storyboard; name = Base; path = Base.lproj/LaunchScreen.storyboard; sourceTree = "<group>"; };
		8472D6F2280AF60D0025D190 /* Info.plist */ = {isa = PBXFileReference; lastKnownFileType = text.plist.xml; path = Info.plist; sourceTree = "<group>"; };
		8472D6FB280AF6FA0025D190 /* Model.swift */ = {isa = PBXFileReference; lastKnownFileType = sourcecode.swift; path = Model.swift; sourceTree = "<group>"; };
		8472D6FD280AF7290025D190 /* Presenter.swift */ = {isa = PBXFileReference; lastKnownFileType = sourcecode.swift; path = Presenter.swift; sourceTree = "<group>"; };
		8472D6FF280AF7980025D190 /* NetService.swift */ = {isa = PBXFileReference; lastKnownFileType = sourcecode.swift; path = NetService.swift; sourceTree = "<group>"; };
		8472D704280C0F0E0025D190 /* PostListViewCell.swift */ = {isa = PBXFileReference; lastKnownFileType = sourcecode.swift; path = PostListViewCell.swift; sourceTree = "<group>"; };
		8474A22A280EF04A00DC54C6 /* PostListDelegate.swift */ = {isa = PBXFileReference; lastKnownFileType = sourcecode.swift; path = PostListDelegate.swift; sourceTree = "<group>"; };
		8474A22D280F20CA00DC54C6 /* Base */ = {isa = PBXFileReference; lastKnownFileType = file.storyboard; name = Base; path = Base.lproj/PostList.storyboard; sourceTree = "<group>"; };
/* End PBXFileReference section */

/* Begin PBXFrameworksBuildPhase section */
		8472D6DE280AF60B0025D190 /* Frameworks */ = {
			isa = PBXFrameworksBuildPhase;
			buildActionMask = 2147483647;
			files = (
			);
			runOnlyForDeploymentPostprocessing = 0;
		};
/* End PBXFrameworksBuildPhase section */

/* Begin PBXGroup section */
		8472D6D8280AF60B0025D190 = {
			isa = PBXGroup;
			children = (
				8472D6E3280AF60B0025D190 /* ApiNewsTest1604 */,
				8472D6E2280AF60B0025D190 /* Products */,
			);
			sourceTree = "<group>";
		};
		8472D6E2280AF60B0025D190 /* Products */ = {
			isa = PBXGroup;
			children = (
				8472D6E1280AF60B0025D190 /* ApiNewsTest1604.app */,
			);
			name = Products;
			sourceTree = "<group>";
		};
		8472D6E3280AF60B0025D190 /* ApiNewsTest1604 */ = {
			isa = PBXGroup;
			children = (
				8472D701280B01A00025D190 /* Storyboards */,
				8472D6FA280AF6C60025D190 /* Views */,
				8472D6F9280AF6AF0025D190 /* Presenters */,
				8472D6F8280AF64B0025D190 /* Models */,
				8472D6E4280AF60B0025D190 /* AppDelegate.swift */,
				8472D6ED280AF60D0025D190 /* Assets.xcassets */,
				8472D6EF280AF60D0025D190 /* LaunchScreen.storyboard */,
				8472D6F2280AF60D0025D190 /* Info.plist */,
			);
			path = ApiNewsTest1604;
			sourceTree = "<group>";
		};
		8472D6F8280AF64B0025D190 /* Models */ = {
			isa = PBXGroup;
			children = (
				8472D6FB280AF6FA0025D190 /* Model.swift */,
				8472D6FF280AF7980025D190 /* NetService.swift */,
			);
			path = Models;
			sourceTree = "<group>";
		};
		8472D6F9280AF6AF0025D190 /* Presenters */ = {
			isa = PBXGroup;
			children = (
				8472D6FD280AF7290025D190 /* Presenter.swift */,
			);
			path = Presenters;
			sourceTree = "<group>";
		};
		8472D6FA280AF6C60025D190 /* Views */ = {
			isa = PBXGroup;
			children = (
				8472D6E8280AF60B0025D190 /* PostListViewController.swift */,
				8472D704280C0F0E0025D190 /* PostListViewCell.swift */,
				8474A22A280EF04A00DC54C6 /* PostListDelegate.swift */,
			);
			path = Views;
			sourceTree = "<group>";
		};
		8472D701280B01A00025D190 /* Storyboards */ = {
			isa = PBXGroup;
			children = (
				8474A22E280F20CA00DC54C6 /* PostList.storyboard */,
			);
			path = Storyboards;
			sourceTree = "<group>";
		};
/* End PBXGroup section */

/* Begin PBXNativeTarget section */
		8472D6E0280AF60B0025D190 /* ApiNewsTest1604 */ = {
			isa = PBXNativeTarget;
			buildConfigurationList = 8472D6F5280AF60D0025D190 /* Build configuration list for PBXNativeTarget "ApiNewsTest1604" */;
			buildPhases = (
				8472D6DD280AF60B0025D190 /* Sources */,
				8472D6DE280AF60B0025D190 /* Frameworks */,
				8472D6DF280AF60B0025D190 /* Resources */,
			);
			buildRules = (
			);
			dependencies = (
			);
			name = ApiNewsTest1604;
			productName = ApiNewsTest1604;
			productReference = 8472D6E1280AF60B0025D190 /* ApiNewsTest1604.app */;
			productType = "com.apple.product-type.application";
		};
/* End PBXNativeTarget section */

/* Begin PBXProject section */
		8472D6D9280AF60B0025D190 /* Project object */ = {
			isa = PBXProject;
			attributes = {
				BuildIndependentTargetsInParallel = 1;
				LastSwiftUpdateCheck = 1320;
				LastUpgradeCheck = 1320;
				TargetAttributes = {
					8472D6E0280AF60B0025D190 = {
						CreatedOnToolsVersion = 13.2.1;
					};
				};
			};
			buildConfigurationList = 8472D6DC280AF60B0025D190 /* Build configuration list for PBXProject "ApiNewsTest1604" */;
			compatibilityVersion = "Xcode 13.0";
			developmentRegion = en;
			hasScannedForEncodings = 0;
			knownRegions = (
				en,
				Base,
			);
			mainGroup = 8472D6D8280AF60B0025D190;
			productRefGroup = 8472D6E2280AF60B0025D190 /* Products */;
			projectDirPath = "";
			projectRoot = "";
			targets = (
				8472D6E0280AF60B0025D190 /* ApiNewsTest1604 */,
			);
		};
/* End PBXProject section */

/* Begin PBXResourcesBuildPhase section */
		8472D6DF280AF60B0025D190 /* Resources */ = {
			isa = PBXResourcesBuildPhase;
			buildActionMask = 2147483647;
			files = (
				8472D6F1280AF60D0025D190 /* LaunchScreen.storyboard in Resources */,
				8474A22C280F20CA00DC54C6 /* PostList.storyboard in Resources */,
				8472D6EE280AF60D0025D190 /* Assets.xcassets in Resources */,
			);
			runOnlyForDeploymentPostprocessing = 0;
		};
/* End PBXResourcesBuildPhase section */

/* Begin PBXSourcesBuildPhase section */
		8472D6DD280AF60B0025D190 /* Sources */ = {
			isa = PBXSourcesBuildPhase;
			buildActionMask = 2147483647;
			files = (
				8474A22B280EF04A00DC54C6 /* PostListDelegate.swift in Sources */,
				8472D6E9280AF60B0025D190 /* PostListViewController.swift in Sources */,
				8472D6E5280AF60B0025D190 /* AppDelegate.swift in Sources */,
				8472D6FC280AF6FA0025D190 /* Model.swift in Sources */,
				8472D6FE280AF7290025D190 /* Presenter.swift in Sources */,
				8472D705280C0F0E0025D190 /* PostListViewCell.swift in Sources */,
				8472D700280AF7980025D190 /* NetService.swift in Sources */,
			);
			runOnlyForDeploymentPostprocessing = 0;
		};
/* End PBXSourcesBuildPhase section */

/* Begin PBXVariantGroup section */
		8472D6EF280AF60D0025D190 /* LaunchScreen.storyboard */ = {
			isa = PBXVariantGroup;
			children = (
				8472D6F0280AF60D0025D190 /* Base */,
			);
			name = LaunchScreen.storyboard;
			sourceTree = "<group>";
		};
		8474A22E280F20CA00DC54C6 /* PostList.storyboard */ = {
			isa = PBXVariantGroup;
			children = (
				8474A22D280F20CA00DC54C6 /* Base */,
			);
			name = PostList.storyboard;
			sourceTree = "<group>";
		};
/* End PBXVariantGroup section */

/* Begin XCBuildConfiguration section */
		8472D6F3280AF60D0025D190 /* Debug */ = {
			isa = XCBuildConfiguration;
			buildSettings = {
				ALWAYS_SEARCH_USER_PATHS = NO;
				CLANG_ANALYZER_NONNULL = YES;
				CLANG_ANALYZER_NUMBER_OBJECT_CONVERSION = YES_AGGRESSIVE;
				CLANG_CXX_LANGUAGE_STANDARD = "gnu++17";
				CLANG_CXX_LIBRARY = "libc++";
				CLANG_ENABLE_MODULES = YES;
				CLANG_ENABLE_OBJC_ARC = YES;
				CLANG_ENABLE_OBJC_WEAK = YES;
				CLANG_WARN_BLOCK_CAPTURE_AUTORELEASING = YES;
				CLANG_WARN_BOOL_CONVERSION = YES;
				CLANG_WARN_COMMA = YES;
				CLANG_WARN_CONSTANT_CONVERSION = YES;
				CLANG_WARN_DEPRECATED_OBJC_IMPLEMENTATIONS = YES;
				CLANG_WARN_DIRECT_OBJC_ISA_USAGE = YES_ERROR;
				CLANG_WARN_DOCUMENTATION_COMMENTS = YES;
				CLANG_WARN_EMPTY_BODY = YES;
				CLANG_WARN_ENUM_CONVERSION = YES;
				CLANG_WARN_INFINITE_RECURSION = YES;
				CLANG_WARN_INT_CONVERSION = YES;
				CLANG_WARN_NON_LITERAL_NULL_CONVERSION = YES;
				CLANG_WARN_OBJC_IMPLICIT_RETAIN_SELF = YES;
				CLANG_WARN_OBJC_LITERAL_CONVERSION = YES;
				CLANG_WARN_OBJC_ROOT_CLASS = YES_ERROR;
				CLANG_WARN_QUOTED_INCLUDE_IN_FRAMEWORK_HEADER = YES;
				CLANG_WARN_RANGE_LOOP_ANALYSIS = YES;
				CLANG_WARN_STRICT_PROTOTYPES = YES;
				CLANG_WARN_SUSPICIOUS_MOVE = YES;
				CLANG_WARN_UNGUARDED_AVAILABILITY = YES_AGGRESSIVE;
				CLANG_WARN_UNREACHABLE_CODE = YES;
				CLANG_WARN__DUPLICATE_METHOD_MATCH = YES;
				COPY_PHASE_STRIP = NO;
				DEBUG_INFORMATION_FORMAT = dwarf;
				ENABLE_STRICT_OBJC_MSGSEND = YES;
				ENABLE_TESTABILITY = YES;
				GCC_C_LANGUAGE_STANDARD = gnu11;
				GCC_DYNAMIC_NO_PIC = NO;
				GCC_NO_COMMON_BLOCKS = YES;
				GCC_OPTIMIZATION_LEVEL = 0;
				GCC_PREPROCESSOR_DEFINITIONS = (
					"DEBUG=1",
					"$(inherited)",
				);
				GCC_WARN_64_TO_32_BIT_CONVERSION = YES;
				GCC_WARN_ABOUT_RETURN_TYPE = YES_ERROR;
				GCC_WARN_UNDECLARED_SELECTOR = YES;
				GCC_WARN_UNINITIALIZED_AUTOS = YES_AGGRESSIVE;
				GCC_WARN_UNUSED_FUNCTION = YES;
				GCC_WARN_UNUSED_VARIABLE = YES;
				IPHONEOS_DEPLOYMENT_TARGET = 15.2;
				MTL_ENABLE_DEBUG_INFO = INCLUDE_SOURCE;
				MTL_FAST_MATH = YES;
				ONLY_ACTIVE_ARCH = YES;
				SDKROOT = iphoneos;
				SWIFT_ACTIVE_COMPILATION_CONDITIONS = DEBUG;
				SWIFT_OPTIMIZATION_LEVEL = "-Onone";
			};
			name = Debug;
		};
		8472D6F4280AF60D0025D190 /* Release */ = {
			isa = XCBuildConfiguration;
			buildSettings = {
				ALWAYS_SEARCH_USER_PATHS = NO;
				CLANG_ANALYZER_NONNULL = YES;
				CLANG_ANALYZER_NUMBER_OBJECT_CONVERSION = YES_AGGRESSIVE;
				CLANG_CXX_LANGUAGE_STANDARD = "gnu++17";
				CLANG_CXX_LIBRARY = "libc++";
				CLANG_ENABLE_MODULES = YES;
				CLANG_ENABLE_OBJC_ARC = YES;
				CLANG_ENABLE_OBJC_WEAK = YES;
				CLANG_WARN_BLOCK_CAPTURE_AUTORELEASING = YES;
				CLANG_WARN_BOOL_CONVERSION = YES;
				CLANG_WARN_COMMA = YES;
				CLANG_WARN_CONSTANT_CONVERSION = YES;
				CLANG_WARN_DEPRECATED_OBJC_IMPLEMENTATIONS = YES;
				CLANG_WARN_DIRECT_OBJC_ISA_USAGE = YES_ERROR;
				CLANG_WARN_DOCUMENTATION_COMMENTS = YES;
				CLANG_WARN_EMPTY_BODY = YES;
				CLANG_WARN_ENUM_CONVERSION = YES;
				CLANG_WARN_INFINITE_RECURSION = YES;
				CLANG_WARN_INT_CONVERSION = YES;
				CLANG_WARN_NON_LITERAL_NULL_CONVERSION = YES;
				CLANG_WARN_OBJC_IMPLICIT_RETAIN_SELF = YES;
				CLANG_WARN_OBJC_LITERAL_CONVERSION = YES;
				CLANG_WARN_OBJC_ROOT_CLASS = YES_ERROR;
				CLANG_WARN_QUOTED_INCLUDE_IN_FRAMEWORK_HEADER = YES;
				CLANG_WARN_RANGE_LOOP_ANALYSIS = YES;
				CLANG_WARN_STRICT_PROTOTYPES = YES;
				CLANG_WARN_SUSPICIOUS_MOVE = YES;
				CLANG_WARN_UNGUARDED_AVAILABILITY = YES_AGGRESSIVE;
				CLANG_WARN_UNREACHABLE_CODE = YES;
				CLANG_WARN__DUPLICATE_METHOD_MATCH = YES;
				COPY_PHASE_STRIP = NO;
				DEBUG_INFORMATION_FORMAT = "dwarf-with-dsym";
				ENABLE_NS_ASSERTIONS = NO;
				ENABLE_STRICT_OBJC_MSGSEND = YES;
				GCC_C_LANGUAGE_STANDARD = gnu11;
				GCC_NO_COMMON_BLOCKS = YES;
				GCC_WARN_64_TO_32_BIT_CONVERSION = YES;
				GCC_WARN_ABOUT_RETURN_TYPE = YES_ERROR;
				GCC_WARN_UNDECLARED_SELECTOR = YES;
				GCC_WARN_UNINITIALIZED_AUTOS = YES_AGGRESSIVE;
				GCC_WARN_UNUSED_FUNCTION = YES;
				GCC_WARN_UNUSED_VARIABLE = YES;
				IPHONEOS_DEPLOYMENT_TARGET = 15.2;
				MTL_ENABLE_DEBUG_INFO = NO;
				MTL_FAST_MATH = YES;
				SDKROOT = iphoneos;
				SWIFT_COMPILATION_MODE = wholemodule;
				SWIFT_OPTIMIZATION_LEVEL = "-O";
				VALIDATE_PRODUCT = YES;
			};
			name = Release;
		};
		8472D6F6280AF60D0025D190 /* Debug */ = {
			isa = XCBuildConfiguration;
			buildSettings = {
				ASSETCATALOG_COMPILER_APPICON_NAME = AppIcon;
				ASSETCATALOG_COMPILER_GLOBAL_ACCENT_COLOR_NAME = AccentColor;
				CODE_SIGN_STYLE = Automatic;
				CURRENT_PROJECT_VERSION = 1;
				GENERATE_INFOPLIST_FILE = YES;
				INFOPLIST_FILE = ApiNewsTest1604/Info.plist;
				INFOPLIST_KEY_UIApplicationSupportsIndirectInputEvents = YES;
				INFOPLIST_KEY_UILaunchStoryboardName = LaunchScreen;
				INFOPLIST_KEY_UIMainStoryboardFile = Main;
				INFOPLIST_KEY_UISupportedInterfaceOrientations = UIInterfaceOrientationPortrait;
				INFOPLIST_KEY_UISupportedInterfaceOrientations_iPad = "UIInterfaceOrientationPortrait UIInterfaceOrientationPortraitUpsideDown UIInterfaceOrientationLandscapeLeft UIInterfaceOrientationLandscapeRight";
				INFOPLIST_KEY_UISupportedInterfaceOrientations_iPhone = "UIInterfaceOrientationPortrait UIInterfaceOrientationLandscapeLeft UIInterfaceOrientationLandscapeRight";
				IPHONEOS_DEPLOYMENT_TARGET = 13.0;
				LD_RUNPATH_SEARCH_PATHS = (
					"$(inherited)",
					"@executable_path/Frameworks",
				);
				MARKETING_VERSION = 1.0;
				PRODUCT_BUNDLE_IDENTIFIER = admin.ApiNewsTest1604;
				PRODUCT_NAME = "$(TARGET_NAME)";
				SWIFT_EMIT_LOC_STRINGS = YES;
				SWIFT_VERSION = 5.0;
				TARGETED_DEVICE_FAMILY = 1;
			};
			name = Debug;
		};
		8472D6F7280AF60D0025D190 /* Release */ = {
			isa = XCBuildConfiguration;
			buildSettings = {
				ASSETCATALOG_COMPILER_APPICON_NAME = AppIcon;
				ASSETCATALOG_COMPILER_GLOBAL_ACCENT_COLOR_NAME = AccentColor;
				CODE_SIGN_STYLE = Automatic;
				CURRENT_PROJECT_VERSION = 1;
				GENERATE_INFOPLIST_FILE = YES;
				INFOPLIST_FILE = ApiNewsTest1604/Info.plist;
				INFOPLIST_KEY_UIApplicationSupportsIndirectInputEvents = YES;
				INFOPLIST_KEY_UILaunchStoryboardName = LaunchScreen;
				INFOPLIST_KEY_UIMainStoryboardFile = Main;
				INFOPLIST_KEY_UISupportedInterfaceOrientations = UIInterfaceOrientationPortrait;
				INFOPLIST_KEY_UISupportedInterfaceOrientations_iPad = "UIInterfaceOrientationPortrait UIInterfaceOrientationPortraitUpsideDown UIInterfaceOrientationLandscapeLeft UIInterfaceOrientationLandscapeRight";
				INFOPLIST_KEY_UISupportedInterfaceOrientations_iPhone = "UIInterfaceOrientationPortrait UIInterfaceOrientationLandscapeLeft UIInterfaceOrientationLandscapeRight";
				IPHONEOS_DEPLOYMENT_TARGET = 13.0;
				LD_RUNPATH_SEARCH_PATHS = (
					"$(inherited)",
					"@executable_path/Frameworks",
				);
				MARKETING_VERSION = 1.0;
				PRODUCT_BUNDLE_IDENTIFIER = admin.ApiNewsTest1604;
				PRODUCT_NAME = "$(TARGET_NAME)";
				SWIFT_EMIT_LOC_STRINGS = YES;
				SWIFT_VERSION = 5.0;
				TARGETED_DEVICE_FAMILY = 1;
			};
			name = Release;
		};
/* End XCBuildConfiguration section */

/* Begin XCConfigurationList section */
		8472D6DC280AF60B0025D190 /* Build configuration list for PBXProject "ApiNewsTest1604" */ = {
			isa = XCConfigurationList;
			buildConfigurations = (
				8472D6F3280AF60D0025D190 /* Debug */,
				8472D6F4280AF60D0025D190 /* Release */,
			);
			defaultConfigurationIsVisible = 0;
			defaultConfigurationName = Release;
		};
		8472D6F5280AF60D0025D190 /* Build configuration list for PBXNativeTarget "ApiNewsTest1604" */ = {
			isa = XCConfigurationList;
			buildConfigurations = (
				8472D6F6280AF60D0025D190 /* Debug */,
				8472D6F7280AF60D0025D190 /* Release */,
			);
			defaultConfigurationIsVisible = 0;
			defaultConfigurationName = Release;
		};
/* End XCConfigurationList section */
	};
	rootObject = 8472D6D9280AF60B0025D190 /* Project object */;
}
